
Microsoft Visual Studio Solution File, Format Version 12.00
# Visual Studio Version 17
VisualStudioVersion = 17.4.33213.308
MinimumVisualStudioVersion = 10.0.40219.1
Project("{FAE04EC0-301F-11D3-BF4B-00C04F79EFBC}") = "Scanner", "Scanner\Scanner.csproj", "{BA3CF6BF-D404-4684-85FF-B5ECFC594047}"
EndProject
Global
	GlobalSection(SolutionConfigurationPlatforms) = preSolution
		Debug|Any CPU = Debug|Any CPU
		Debug|x64 = Debug|x64
		Release|Any CPU = Release|Any CPU
		Release|x64 = Release|x64
	EndGlobalSection
	GlobalSection(ProjectConfigurationPlatforms) = postSolution
		{BA3CF6BF-D404-4684-85FF-B5ECFC594047}.Debug|Any CPU.ActiveCfg = Debug|Any CPU
		{BA3CF6BF-D404-4684-85FF-B5ECFC594047}.Debug|Any CPU.Build.0 = Debug|Any CPU
		{BA3CF6BF-D404-4684-85FF-B5ECFC594047}.Debug|x64.ActiveCfg = Debug|x64
		{BA3CF6BF-D404-4684-85FF-B5ECFC594047}.Debug|x64.Build.0 = Debug|x64
		{BA3CF6BF-D404-4684-85FF-B5ECFC594047}.Release|Any CPU.ActiveCfg = Release|x64
		{BA3CF6BF-D404-4684-85FF-B5ECFC594047}.Release|Any CPU.Build.0 = Release|x64
		{BA3CF6BF-D404-4684-85FF-B5ECFC594047}.Release|x64.ActiveCfg = Release|x64
		{BA3CF6BF-D404-4684-85FF-B5ECFC594047}.Release|x64.Build.0 = Release|x64
	EndGlobalSection
	GlobalSection(SolutionProperties) = preSolution
		HideSolutionNode = FALSE
	EndGlobalSection
	GlobalSection(ExtensibilityGlobals) = postSolution
		SolutionGuid = {1A2AF47C-6B9F-482B-A48E-0DC6E9949416}
	EndGlobalSection
EndGlobal
